
Microsoft Visual Studio Solution File, Format Version 12.00
# Visual Studio Version 17
VisualStudioVersion = 17.6.33712.159
MinimumVisualStudioVersion = 10.0.40219.1
Project("{FAE04EC0-301F-11D3-BF4B-00C04F79EFBC}") = "IzquierdoAndres_MusicaMVC", "IzquierdoAndres_MusicaMVC.csproj", "{3F8C433D-2EE8-4BEF-973A-29BDB4E88E27}"
EndProject
Global
	GlobalSection(SolutionConfigurationPlatforms) = preSolution
		Debug|Any CPU = Debug|Any CPU
		Release|Any CPU = Release|Any CPU
	EndGlobalSection
	GlobalSection(ProjectConfigurationPlatforms) = postSolution
		{3F8C433D-2EE8-4BEF-973A-29BDB4E88E27}.Debug|Any CPU.ActiveCfg = Debug|Any CPU
		{3F8C433D-2EE8-4BEF-973A-29BDB4E88E27}.Debug|Any CPU.Build.0 = Debug|Any CPU
		{3F8C433D-2EE8-4BEF-973A-29BDB4E88E27}.Release|Any CPU.ActiveCfg = Release|Any CPU
		{3F8C433D-2EE8-4BEF-973A-29BDB4E88E27}.Release|Any CPU.Build.0 = Release|Any CPU
	EndGlobalSection
	GlobalSection(SolutionProperties) = preSolution
		HideSolutionNode = FALSE
	EndGlobalSection
	GlobalSection(ExtensibilityGlobals) = postSolution
		SolutionGuid = {7843FB18-84FA-479A-88B0-B14243E23996}
	EndGlobalSection
EndGlobal
