
Microsoft Visual Studio Solution File, Format Version 12.00
# Visual Studio Version 17
VisualStudioVersion = 17.6.33712.159
MinimumVisualStudioVersion = 10.0.40219.1
<<<<<<< HEAD
Project("{9A19103F-16F7-4668-BE54-9A1E7A4F7556}") = "IzquierdoAndres_Musica", "IzquierdoAndres_Musica.csproj", "{89C7DEB2-9920-4E03-A20E-8A65D97E432A}"
=======
Project("{FAE04EC0-301F-11D3-BF4B-00C04F79EFBC}") = "IzquierdoAndres_Musica", "IzquierdoAndres_Musica.csproj", "{89C7DEB2-9920-4E03-A20E-8A65D97E432A}"
>>>>>>> 6fb0f47 (Commit)
EndProject
Global
	GlobalSection(SolutionConfigurationPlatforms) = preSolution
		Debug|Any CPU = Debug|Any CPU
		Release|Any CPU = Release|Any CPU
	EndGlobalSection
	GlobalSection(ProjectConfigurationPlatforms) = postSolution
		{89C7DEB2-9920-4E03-A20E-8A65D97E432A}.Debug|Any CPU.ActiveCfg = Debug|Any CPU
		{89C7DEB2-9920-4E03-A20E-8A65D97E432A}.Debug|Any CPU.Build.0 = Debug|Any CPU
		{89C7DEB2-9920-4E03-A20E-8A65D97E432A}.Release|Any CPU.ActiveCfg = Release|Any CPU
		{89C7DEB2-9920-4E03-A20E-8A65D97E432A}.Release|Any CPU.Build.0 = Release|Any CPU
	EndGlobalSection
	GlobalSection(SolutionProperties) = preSolution
		HideSolutionNode = FALSE
	EndGlobalSection
	GlobalSection(ExtensibilityGlobals) = postSolution
		SolutionGuid = {6A729246-4A1A-42BE-9E7A-DC1EEF0F7830}
	EndGlobalSection
EndGlobal
