
Microsoft Visual Studio Solution File, Format Version 12.00
# Visual Studio Version 17
VisualStudioVersion = 17.6.33712.159
MinimumVisualStudioVersion = 10.0.40219.1
Project("{FAE04EC0-301F-11D3-BF4B-00C04F79EFBC}") = "Musica", "Musica.csproj", "{AEE39802-1302-4FBE-9DFD-95A3E59DAE14}"
EndProject
Global
	GlobalSection(SolutionConfigurationPlatforms) = preSolution
		Debug|Any CPU = Debug|Any CPU
		Release|Any CPU = Release|Any CPU
	EndGlobalSection
	GlobalSection(ProjectConfigurationPlatforms) = postSolution
		{AEE39802-1302-4FBE-9DFD-95A3E59DAE14}.Debug|Any CPU.ActiveCfg = Debug|Any CPU
		{AEE39802-1302-4FBE-9DFD-95A3E59DAE14}.Debug|Any CPU.Build.0 = Debug|Any CPU
		{AEE39802-1302-4FBE-9DFD-95A3E59DAE14}.Release|Any CPU.ActiveCfg = Release|Any CPU
		{AEE39802-1302-4FBE-9DFD-95A3E59DAE14}.Release|Any CPU.Build.0 = Release|Any CPU
	EndGlobalSection
	GlobalSection(SolutionProperties) = preSolution
		HideSolutionNode = FALSE
	EndGlobalSection
	GlobalSection(ExtensibilityGlobals) = postSolution
		SolutionGuid = {F0EA7218-C480-460E-BE7F-B96B676B1D67}
	EndGlobalSection
EndGlobal
