
Microsoft Visual Studio Solution File, Format Version 12.00
# Visual Studio Version 17
VisualStudioVersion = 17.6.33712.159
MinimumVisualStudioVersion = 10.0.40219.1
<<<<<<<< HEAD:MVCMigrationMuiscRename/MVCMigrationMuiscRename.sln
Project("{9A19103F-16F7-4668-BE54-9A1E7A4F7556}") = "MVCMigrationMuiscRename", "MVCMigrationMuiscRename.csproj", "{540A2C55-3066-4508-9BDC-1CBB5B2E7055}"
========
Project("{FAE04EC0-301F-11D3-BF4B-00C04F79EFBC}") = "IdentityTest", "IdentityTest\IdentityTest.csproj", "{71EB2A1F-7F3F-49C6-8CB0-34E91D72B6DF}"
>>>>>>>> f06e521 (Commit):IdentityTest/IdentityTest.sln
EndProject
Global
	GlobalSection(SolutionConfigurationPlatforms) = preSolution
		Debug|Any CPU = Debug|Any CPU
		Release|Any CPU = Release|Any CPU
	EndGlobalSection
	GlobalSection(ProjectConfigurationPlatforms) = postSolution
<<<<<<<< HEAD:MVCMigrationMuiscRename/MVCMigrationMuiscRename.sln
		{540A2C55-3066-4508-9BDC-1CBB5B2E7055}.Debug|Any CPU.ActiveCfg = Debug|Any CPU
		{540A2C55-3066-4508-9BDC-1CBB5B2E7055}.Debug|Any CPU.Build.0 = Debug|Any CPU
		{540A2C55-3066-4508-9BDC-1CBB5B2E7055}.Release|Any CPU.ActiveCfg = Release|Any CPU
		{540A2C55-3066-4508-9BDC-1CBB5B2E7055}.Release|Any CPU.Build.0 = Release|Any CPU
========
		{71EB2A1F-7F3F-49C6-8CB0-34E91D72B6DF}.Debug|Any CPU.ActiveCfg = Debug|Any CPU
		{71EB2A1F-7F3F-49C6-8CB0-34E91D72B6DF}.Debug|Any CPU.Build.0 = Debug|Any CPU
		{71EB2A1F-7F3F-49C6-8CB0-34E91D72B6DF}.Release|Any CPU.ActiveCfg = Release|Any CPU
		{71EB2A1F-7F3F-49C6-8CB0-34E91D72B6DF}.Release|Any CPU.Build.0 = Release|Any CPU
>>>>>>>> f06e521 (Commit):IdentityTest/IdentityTest.sln
	EndGlobalSection
	GlobalSection(SolutionProperties) = preSolution
		HideSolutionNode = FALSE
	EndGlobalSection
	GlobalSection(ExtensibilityGlobals) = postSolution
<<<<<<<< HEAD:MVCMigrationMuiscRename/MVCMigrationMuiscRename.sln
		SolutionGuid = {253D03D6-2E7B-4CA8-ABBF-2B291A0DF402}
========
		SolutionGuid = {5F77EA67-1567-49A0-A285-EE9066C072F6}
>>>>>>>> f06e521 (Commit):IdentityTest/IdentityTest.sln
	EndGlobalSection
EndGlobal
